{
  "name": "reservations",
  "version": "1.0.0",
  "lockfileVersion": 1,
  "requires": true,
  "dependencies": {
    "serverless-helpers": {
      "version": "git+https://github.com/timmyg/serverless-helpers.git#708f7a0bb8469b10b8c856651c079ec4f72e915d",
      "from": "git+https://github.com/timmyg/serverless-helpers.git"
    }
  }
}
