PODS:
  - Capacitor (2.0.1):
    - CapacitorCordova (= 2.0.1)
  - CapacitorCordova (2.0.1)
  - CordovaPlugins (2.0.1):
    - CapacitorCordova

DEPENDENCIES:
  - "Capacitor (from `../../node_modules/@capacitor/ios`)"
  - "CapacitorCordova (from `../../node_modules/@capacitor/ios`)"
  - CordovaPlugins (from `../capacitor-cordova-ios-plugins`)

EXTERNAL SOURCES:
  Capacitor:
    :path: "../../node_modules/@capacitor/ios"
  CapacitorCordova:
    :path: "../../node_modules/@capacitor/ios"
  CordovaPlugins:
    :path: "../capacitor-cordova-ios-plugins"

SPEC CHECKSUMS:
  Capacitor: 893baa42b33635ddf23d29d23d2a7f33f7c08bc7
  CapacitorCordova: 9fee2eb6780331b6ff09710d6a7d1f2e4707f1b9
  CordovaPlugins: 8639e3500edfe329a28aa01afe5156ebe77fa25a

PODFILE CHECKSUM: e57e508ec5349ca6023fde9134b1008ce56a92fa

COCOAPODS: 1.7.1
