{
  "name": "locations",
  "version": "1.0.0",
  "lockfileVersion": 1,
  "requires": true,
  "dependencies": {
    "@sentry/core": {
      "version": "6.0.1",
      "resolved": "https://registry.npmjs.org/@sentry/core/-/core-6.0.1.tgz",
      "integrity": "sha512-EoxgodyClasI8PA4GyU8Cp88W3R5ebpiLsE7fCcBcOU0DOBRkO8GAZ5IzfCDtYDJ50c9npivum5Oyj2wf8CXYw==",
      "requires": {
        "@sentry/hub": "6.0.1",
        "@sentry/minimal": "6.0.1",
        "@sentry/types": "6.0.1",
        "@sentry/utils": "6.0.1",
        "tslib": "^1.9.3"
      }
    },
    "@sentry/hub": {
      "version": "6.0.1",
      "resolved": "https://registry.npmjs.org/@sentry/hub/-/hub-6.0.1.tgz",
      "integrity": "sha512-pGckNdhKcr7qYVXgSgA/QVGArATcmQu54YFAR5xTnkWVHpAwNmh0fc4CJCc4JBwS/LXSU1Y0nYiLQduVfnv8Cg==",
      "requires": {
        "@sentry/types": "6.0.1",
        "@sentry/utils": "6.0.1",
        "tslib": "^1.9.3"
      }
    },
    "@sentry/minimal": {
      "version": "6.0.1",
      "resolved": "https://registry.npmjs.org/@sentry/minimal/-/minimal-6.0.1.tgz",
      "integrity": "sha512-TQ/M5A+OsxtQJ8dzHwrclxKXpJNdQeM1PUoYhff4BvsOXJScvZb7+Yn0OUEQXEc9pSMNt62tnQy4ct80iAMTHw==",
      "requires": {
        "@sentry/hub": "6.0.1",
        "@sentry/types": "6.0.1",
        "tslib": "^1.9.3"
      }
    },
    "@sentry/node": {
      "version": "6.0.1",
      "resolved": "https://registry.npmjs.org/@sentry/node/-/node-6.0.1.tgz",
      "integrity": "sha512-PIyPgjYbLhminieGZHTVeFoP3jH+Oluz89PBilfxK5z6vctjBWrXNYAq+WJ49mNY5k0LxFFlonYUGESB9OzTRw==",
      "requires": {
        "@sentry/core": "6.0.1",
        "@sentry/hub": "6.0.1",
        "@sentry/tracing": "6.0.1",
        "@sentry/types": "6.0.1",
        "@sentry/utils": "6.0.1",
        "cookie": "^0.4.1",
        "https-proxy-agent": "^5.0.0",
        "lru_map": "^0.3.3",
        "tslib": "^1.9.3"
      }
    },
    "@sentry/tracing": {
      "version": "6.0.1",
      "resolved": "https://registry.npmjs.org/@sentry/tracing/-/tracing-6.0.1.tgz",
      "integrity": "sha512-p4laeCu7isrvXiCgM/ix4GU5lckoL2Mw2OI3l93lRYL7fKU8XJs+/2Cybs0J+QY1HP5OTrNIF+VpnJZbpM6MQg==",
      "requires": {
        "@sentry/hub": "6.0.1",
        "@sentry/minimal": "6.0.1",
        "@sentry/types": "6.0.1",
        "@sentry/utils": "6.0.1",
        "tslib": "^1.9.3"
      }
    },
    "@sentry/types": {
      "version": "6.0.1",
      "resolved": "https://registry.npmjs.org/@sentry/types/-/types-6.0.1.tgz",
      "integrity": "sha512-cEoe19vtam75Tf6eWmaobfbeV8XwBdr5FJoSVTomzcSsEiP2FHGOEhlE7kVBigzeH5Lri0aibiW6BDi1hIqHdg=="
    },
    "@sentry/utils": {
      "version": "6.0.1",
      "resolved": "https://registry.npmjs.org/@sentry/utils/-/utils-6.0.1.tgz",
      "integrity": "sha512-bjGuBYnG6fulZ8mLhPGBxttNu96DCN6d7Glw2sfLf4aurn1kjJ/58hP2c8dH0OqWO5e+rGYTsZ5Dr5kqVKNGTg==",
      "requires": {
        "@sentry/types": "6.0.1",
        "tslib": "^1.9.3"
      }
    },
    "agent-base": {
      "version": "6.0.2",
      "resolved": "https://registry.npmjs.org/agent-base/-/agent-base-6.0.2.tgz",
      "integrity": "sha512-RZNwNclF7+MS/8bDg70amg32dyeZGZxiDuQmZxKLAlQjr3jGyLx+4Kkk58UO7D2QdgFIQCovuSuZESne6RG6XQ==",
      "requires": {
        "debug": "4"
      }
    },
    "cookie": {
      "version": "0.4.1",
      "resolved": "https://registry.npmjs.org/cookie/-/cookie-0.4.1.tgz",
      "integrity": "sha512-ZwrFkGJxUR3EIoXtO+yVE69Eb7KlixbaeAWfBQB9vVsNn/o+Yw69gBWSSDK825hQNdN+wF8zELf3dFNl/kxkUA=="
    },
    "debug": {
      "version": "4.3.1",
      "resolved": "https://registry.npmjs.org/debug/-/debug-4.3.1.tgz",
      "integrity": "sha512-doEwdvm4PCeK4K3RQN2ZC2BYUBaxwLARCqZmMjtF8a51J2Rb0xpVloFRnCODwqjpwnAoao4pelN8l3RJdv3gRQ==",
      "requires": {
        "ms": "2.1.2"
      }
    },
    "geolib": {
      "version": "2.0.24",
      "resolved": "https://registry.npmjs.org/geolib/-/geolib-2.0.24.tgz",
      "integrity": "sha512-NR0AyYyEnGrFS9JvSFmmotQDxVCORJgDHdvBwSatxl5aHarOLMh3KuGI83bCvCfObjfoEiDe8Ung8GGLGAtthw=="
    },
    "https-proxy-agent": {
      "version": "5.0.0",
      "resolved": "https://registry.npmjs.org/https-proxy-agent/-/https-proxy-agent-5.0.0.tgz",
      "integrity": "sha512-EkYm5BcKUGiduxzSt3Eppko+PiNWNEpa4ySk9vTC6wDsQJW9rHSa+UhGNJoRYp7bz6Ht1eaRIa6QaJqO5rCFbA==",
      "requires": {
        "agent-base": "6",
        "debug": "4"
      }
    },
    "lru_map": {
      "version": "0.3.3",
      "resolved": "https://registry.npmjs.org/lru_map/-/lru_map-0.3.3.tgz",
      "integrity": "sha1-tcg1G5Rky9dQM1p5ZQoOwOVhGN0="
    },
    "ms": {
      "version": "2.1.2",
      "resolved": "https://registry.npmjs.org/ms/-/ms-2.1.2.tgz",
      "integrity": "sha512-sGkPx+VjMtmA6MX27oA4FBFELFCZZ4S4XqeGOXCv68tT+jb3vk/RyaKWP0PTKyWtmLSM0b+adUTEvbs1PEaH2w=="
    },
    "mustache": {
      "version": "4.0.0",
      "resolved": "https://registry.npmjs.org/mustache/-/mustache-4.0.0.tgz",
      "integrity": "sha512-FJgjyX/IVkbXBXYUwH+OYwQKqWpFPLaLVESd70yHjSDunwzV2hZOoTBvPf4KLoxesUzzyfTH6F784Uqd7Wm5yA=="
    },
    "tslib": {
      "version": "1.14.1",
      "resolved": "https://registry.npmjs.org/tslib/-/tslib-1.14.1.tgz",
      "integrity": "sha512-Xni35NKzjgMrwevysHTCArtLDpPvye8zV/0E4EyYn43P7/7qvQwPh9BGkHewbMulVntbigmcT7rdX3BNo9wRJg=="
    }
  }
}
